
Microsoft Visual Studio Solution File, Format Version 12.00
# Visual Studio 15
VisualStudioVersion = 15.0.33423.255
MinimumVisualStudioVersion = 10.0.40219.1
Project("{FAE04EC0-301F-11D3-BF4B-00C04F79EFBC}") = "Generic Collections", "Generic Collections\Generic Collections.csproj", "{A3472530-FD7E-4645-BD6E-CBA07DE7C36B}"
EndProject
Project("{FAE04EC0-301F-11D3-BF4B-00C04F79EFBC}") = "Generic Collection 2", "Generic Collection 2\Generic Collection 2.csproj", "{CFDA4E44-C898-4E7B-BD4D-0C71E63023CF}"
EndProject
Global
	GlobalSection(SolutionConfigurationPlatforms) = preSolution
		Debug|Any CPU = Debug|Any CPU
		Release|Any CPU = Release|Any CPU
	EndGlobalSection
	GlobalSection(ProjectConfigurationPlatforms) = postSolution
		{A3472530-FD7E-4645-BD6E-CBA07DE7C36B}.Debug|Any CPU.ActiveCfg = Debug|Any CPU
		{A3472530-FD7E-4645-BD6E-CBA07DE7C36B}.Debug|Any CPU.Build.0 = Debug|Any CPU
		{A3472530-FD7E-4645-BD6E-CBA07DE7C36B}.Release|Any CPU.ActiveCfg = Release|Any CPU
		{A3472530-FD7E-4645-BD6E-CBA07DE7C36B}.Release|Any CPU.Build.0 = Release|Any CPU
		{CFDA4E44-C898-4E7B-BD4D-0C71E63023CF}.Debug|Any CPU.ActiveCfg = Debug|Any CPU
		{CFDA4E44-C898-4E7B-BD4D-0C71E63023CF}.Debug|Any CPU.Build.0 = Debug|Any CPU
		{CFDA4E44-C898-4E7B-BD4D-0C71E63023CF}.Release|Any CPU.ActiveCfg = Release|Any CPU
		{CFDA4E44-C898-4E7B-BD4D-0C71E63023CF}.Release|Any CPU.Build.0 = Release|Any CPU
	EndGlobalSection
	GlobalSection(SolutionProperties) = preSolution
		HideSolutionNode = FALSE
	EndGlobalSection
	GlobalSection(ExtensibilityGlobals) = postSolution
		SolutionGuid = {8A0F547A-C5BD-4BB8-A035-60C0AA5625DC}
	EndGlobalSection
EndGlobal
