
Microsoft Visual Studio Solution File, Format Version 12.00
# Visual Studio 15
VisualStudioVersion = 15.0.33423.255
MinimumVisualStudioVersion = 10.0.40219.1
Project("{FAE04EC0-301F-11D3-BF4B-00C04F79EFBC}") = "WindowsFormsPart2", "WindowsFormsPart2\WindowsFormsPart2.csproj", "{CE67577C-801D-400A-9FEE-2207CDA52A11}"
EndProject
Global
	GlobalSection(SolutionConfigurationPlatforms) = preSolution
		Debug|Any CPU = Debug|Any CPU
		Release|Any CPU = Release|Any CPU
	EndGlobalSection
	GlobalSection(ProjectConfigurationPlatforms) = postSolution
		{CE67577C-801D-400A-9FEE-2207CDA52A11}.Debug|Any CPU.ActiveCfg = Debug|Any CPU
		{CE67577C-801D-400A-9FEE-2207CDA52A11}.Debug|Any CPU.Build.0 = Debug|Any CPU
		{CE67577C-801D-400A-9FEE-2207CDA52A11}.Release|Any CPU.ActiveCfg = Release|Any CPU
		{CE67577C-801D-400A-9FEE-2207CDA52A11}.Release|Any CPU.Build.0 = Release|Any CPU
	EndGlobalSection
	GlobalSection(SolutionProperties) = preSolution
		HideSolutionNode = FALSE
	EndGlobalSection
	GlobalSection(ExtensibilityGlobals) = postSolution
		SolutionGuid = {11F20A0E-2942-4846-9346-B740CBA7832C}
	EndGlobalSection
EndGlobal
