
Microsoft Visual Studio Solution File, Format Version 12.00
# Visual Studio 15
VisualStudioVersion = 15.0.33423.255
MinimumVisualStudioVersion = 10.0.40219.1
Project("{FAE04EC0-301F-11D3-BF4B-00C04F79EFBC}") = "MethodPart2", "MethodPart2\MethodPart2.csproj", "{8EBBDE54-5A3D-47AB-9FBB-BA2595D659F7}"
EndProject
Project("{FAE04EC0-301F-11D3-BF4B-00C04F79EFBC}") = "Homework3", "Homework3\Homework3.csproj", "{8168EF83-34BD-49A8-ACE5-DEAA7407AA63}"
EndProject
Project("{FAE04EC0-301F-11D3-BF4B-00C04F79EFBC}") = "Homework4", "Homework4\Homework4.csproj", "{00AAEC5B-45FE-471A-9F72-E302AA6AC4DE}"
EndProject
Project("{FAE04EC0-301F-11D3-BF4B-00C04F79EFBC}") = "RefAndOutKeywords", "RefAndOutKeywords\RefAndOutKeywords.csproj", "{EBF70417-BFB5-4753-BF93-9E506030CC39}"
EndProject
Global
	GlobalSection(SolutionConfigurationPlatforms) = preSolution
		Debug|Any CPU = Debug|Any CPU
		Release|Any CPU = Release|Any CPU
	EndGlobalSection
	GlobalSection(ProjectConfigurationPlatforms) = postSolution
		{8EBBDE54-5A3D-47AB-9FBB-BA2595D659F7}.Debug|Any CPU.ActiveCfg = Debug|Any CPU
		{8EBBDE54-5A3D-47AB-9FBB-BA2595D659F7}.Debug|Any CPU.Build.0 = Debug|Any CPU
		{8EBBDE54-5A3D-47AB-9FBB-BA2595D659F7}.Release|Any CPU.ActiveCfg = Release|Any CPU
		{8EBBDE54-5A3D-47AB-9FBB-BA2595D659F7}.Release|Any CPU.Build.0 = Release|Any CPU
		{8168EF83-34BD-49A8-ACE5-DEAA7407AA63}.Debug|Any CPU.ActiveCfg = Debug|Any CPU
		{8168EF83-34BD-49A8-ACE5-DEAA7407AA63}.Debug|Any CPU.Build.0 = Debug|Any CPU
		{8168EF83-34BD-49A8-ACE5-DEAA7407AA63}.Release|Any CPU.ActiveCfg = Release|Any CPU
		{8168EF83-34BD-49A8-ACE5-DEAA7407AA63}.Release|Any CPU.Build.0 = Release|Any CPU
		{00AAEC5B-45FE-471A-9F72-E302AA6AC4DE}.Debug|Any CPU.ActiveCfg = Debug|Any CPU
		{00AAEC5B-45FE-471A-9F72-E302AA6AC4DE}.Debug|Any CPU.Build.0 = Debug|Any CPU
		{00AAEC5B-45FE-471A-9F72-E302AA6AC4DE}.Release|Any CPU.ActiveCfg = Release|Any CPU
		{00AAEC5B-45FE-471A-9F72-E302AA6AC4DE}.Release|Any CPU.Build.0 = Release|Any CPU
		{EBF70417-BFB5-4753-BF93-9E506030CC39}.Debug|Any CPU.ActiveCfg = Debug|Any CPU
		{EBF70417-BFB5-4753-BF93-9E506030CC39}.Debug|Any CPU.Build.0 = Debug|Any CPU
		{EBF70417-BFB5-4753-BF93-9E506030CC39}.Release|Any CPU.ActiveCfg = Release|Any CPU
		{EBF70417-BFB5-4753-BF93-9E506030CC39}.Release|Any CPU.Build.0 = Release|Any CPU
	EndGlobalSection
	GlobalSection(SolutionProperties) = preSolution
		HideSolutionNode = FALSE
	EndGlobalSection
	GlobalSection(ExtensibilityGlobals) = postSolution
		SolutionGuid = {9DDD596A-2906-46A6-A333-7A08CF20B416}
	EndGlobalSection
EndGlobal
