
Microsoft Visual Studio Solution File, Format Version 12.00
# Visual Studio 15
VisualStudioVersion = 15.0.33423.255
MinimumVisualStudioVersion = 10.0.40219.1
Project("{FAE04EC0-301F-11D3-BF4B-00C04F79EFBC}") = "DataTypes", "DataTypes\DataTypes.csproj", "{F3171E72-7E03-4BAB-9F82-A0950079EC08}"
EndProject
Global
	GlobalSection(SolutionConfigurationPlatforms) = preSolution
		Debug|Any CPU = Debug|Any CPU
		Release|Any CPU = Release|Any CPU
	EndGlobalSection
	GlobalSection(ProjectConfigurationPlatforms) = postSolution
		{F3171E72-7E03-4BAB-9F82-A0950079EC08}.Debug|Any CPU.ActiveCfg = Debug|Any CPU
		{F3171E72-7E03-4BAB-9F82-A0950079EC08}.Debug|Any CPU.Build.0 = Debug|Any CPU
		{F3171E72-7E03-4BAB-9F82-A0950079EC08}.Release|Any CPU.ActiveCfg = Release|Any CPU
		{F3171E72-7E03-4BAB-9F82-A0950079EC08}.Release|Any CPU.Build.0 = Release|Any CPU
	EndGlobalSection
	GlobalSection(SolutionProperties) = preSolution
		HideSolutionNode = FALSE
	EndGlobalSection
	GlobalSection(ExtensibilityGlobals) = postSolution
		SolutionGuid = {F18D3702-75BC-44D4-8844-AA8990580155}
	EndGlobalSection
EndGlobal
